
Microsoft Visual Studio Solution File, Format Version 11.00
# Visual Studio 2010
Project("{FAE04EC0-301F-11D3-BF4B-00C04F79EFBC}") = "core", "core\core.csproj", "{A33A77CC-381E-4B16-8E1C-81B469917FC9}"
EndProject
Global
	GlobalSection(SolutionConfigurationPlatforms) = preSolution
		Debug|x86 = Debug|x86
		Release|x86 = Release|x86
	EndGlobalSection
	GlobalSection(ProjectConfigurationPlatforms) = postSolution
		{A33A77CC-381E-4B16-8E1C-81B469917FC9}.Debug|x86.ActiveCfg = Debug|x86
		{A33A77CC-381E-4B16-8E1C-81B469917FC9}.Debug|x86.Build.0 = Debug|x86
		{A33A77CC-381E-4B16-8E1C-81B469917FC9}.Release|x86.ActiveCfg = Release|x86
		{A33A77CC-381E-4B16-8E1C-81B469917FC9}.Release|x86.Build.0 = Release|x86
	EndGlobalSection
	GlobalSection(MonoDevelopProperties) = preSolution
		StartupItem = core\core.csproj
	EndGlobalSection
EndGlobal
